// !$*UTF8*$!
{
	archiveVersion = 1;
	classes = {
	};
	objectVersion = 56;
	objects = {

/* Begin PBXBuildFile section */
		11E385722907C86C00220673 /* macro_360App.swift in Sources */ = {isa = PBXBuildFile; fileRef = 11E385712907C86C00220673 /* macro_360App.swift */; };
		11E385742907C86C00220673 /* ContentView.swift in Sources */ = {isa = PBXBuildFile; fileRef = 11E385732907C86C00220673 /* ContentView.swift */; };
		11E385762907C86C00220673 /* Assets.xcassets in Resources */ = {isa = PBXBuildFile; fileRef = 11E385752907C86C00220673 /* Assets.xcassets */; };
		11E385792907C86C00220673 /* Preview Assets.xcassets in Resources */ = {isa = PBXBuildFile; fileRef = 11E385782907C86C00220673 /* Preview Assets.xcassets */; };
		11E385802907CBD500220673 /* aerodynamics_workshop.skybox in Resources */ = {isa = PBXBuildFile; fileRef = 11E3857F2907CBD500220673 /* aerodynamics_workshop.skybox */; };
		11E385842907D69300220673 /* Skybox.swift in Sources */ = {isa = PBXBuildFile; fileRef = 11E385832907D69300220673 /* Skybox.swift */; };
		11E385A72907E51F00220673 /* aphrodite.skybox in Resources */ = {isa = PBXBuildFile; fileRef = 11E385A62907E51F00220673 /* aphrodite.skybox */; };
/* End PBXBuildFile section */

/* Begin PBXFileReference section */
		11E3856E2907C86C00220673 /* macro-360.app */ = {isa = PBXFileReference; explicitFileType = wrapper.application; includeInIndex = 0; path = "macro-360.app"; sourceTree = BUILT_PRODUCTS_DIR; };
		11E385712907C86C00220673 /* macro_360App.swift */ = {isa = PBXFileReference; lastKnownFileType = sourcecode.swift; path = macro_360App.swift; sourceTree = "<group>"; };
		11E385732907C86C00220673 /* ContentView.swift */ = {isa = PBXFileReference; lastKnownFileType = sourcecode.swift; path = ContentView.swift; sourceTree = "<group>"; };
		11E385752907C86C00220673 /* Assets.xcassets */ = {isa = PBXFileReference; lastKnownFileType = folder.assetcatalog; path = Assets.xcassets; sourceTree = "<group>"; };
		11E385782907C86C00220673 /* Preview Assets.xcassets */ = {isa = PBXFileReference; lastKnownFileType = folder.assetcatalog; path = "Preview Assets.xcassets"; sourceTree = "<group>"; };
		11E3857F2907CBD500220673 /* aerodynamics_workshop.skybox */ = {isa = PBXFileReference; lastKnownFileType = file.skybox; path = aerodynamics_workshop.skybox; sourceTree = "<group>"; };
		11E385832907D69300220673 /* Skybox.swift */ = {isa = PBXFileReference; lastKnownFileType = sourcecode.swift; path = Skybox.swift; sourceTree = "<group>"; };
		11E385A62907E51F00220673 /* aphrodite.skybox */ = {isa = PBXFileReference; lastKnownFileType = file.skybox; path = aphrodite.skybox; sourceTree = "<group>"; };
/* End PBXFileReference section */

/* Begin PBXFrameworksBuildPhase section */
		11E3856B2907C86B00220673 /* Frameworks */ = {
			isa = PBXFrameworksBuildPhase;
			buildActionMask = 2147483647;
			files = (
			);
			runOnlyForDeploymentPostprocessing = 0;
		};
/* End PBXFrameworksBuildPhase section */

/* Begin PBXGroup section */
		11E385652907C86B00220673 = {
			isa = PBXGroup;
			children = (
				11E385702907C86C00220673 /* macro-360 */,
				11E3856F2907C86C00220673 /* Products */,
			);
			sourceTree = "<group>";
		};
		11E3856F2907C86C00220673 /* Products */ = {
			isa = PBXGroup;
			children = (
				11E3856E2907C86C00220673 /* macro-360.app */,
			);
			name = Products;
			sourceTree = "<group>";
		};
		11E385702907C86C00220673 /* macro-360 */ = {
			isa = PBXGroup;
			children = (
				11E385A62907E51F00220673 /* aphrodite.skybox */,
				11E385712907C86C00220673 /* macro_360App.swift */,
				11E385732907C86C00220673 /* ContentView.swift */,
				11E385752907C86C00220673 /* Assets.xcassets */,
				11E3857F2907CBD500220673 /* aerodynamics_workshop.skybox */,
				11E385772907C86C00220673 /* Preview Content */,
				11E385832907D69300220673 /* Skybox.swift */,
			);
			path = "macro-360";
			sourceTree = "<group>";
		};
		11E385772907C86C00220673 /* Preview Content */ = {
			isa = PBXGroup;
			children = (
				11E385782907C86C00220673 /* Preview Assets.xcassets */,
			);
			path = "Preview Content";
			sourceTree = "<group>";
		};
/* End PBXGroup section */

/* Begin PBXNativeTarget section */
		11E3856D2907C86B00220673 /* macro-360 */ = {
			isa = PBXNativeTarget;
			buildConfigurationList = 11E3857C2907C86C00220673 /* Build configuration list for PBXNativeTarget "macro-360" */;
			buildPhases = (
				11E3856A2907C86B00220673 /* Sources */,
				11E3856B2907C86B00220673 /* Frameworks */,
				11E3856C2907C86B00220673 /* Resources */,
			);
			buildRules = (
			);
			dependencies = (
			);
			name = "macro-360";
			productName = "macro-360";
			productReference = 11E3856E2907C86C00220673 /* macro-360.app */;
			productType = "com.apple.product-type.application";
		};
/* End PBXNativeTarget section */

/* Begin PBXProject section */
		11E385662907C86B00220673 /* Project object */ = {
			isa = PBXProject;
			attributes = {
				BuildIndependentTargetsInParallel = 1;
				LastSwiftUpdateCheck = 1400;
				LastUpgradeCheck = 1400;
				TargetAttributes = {
					11E3856D2907C86B00220673 = {
						CreatedOnToolsVersion = 14.0.1;
					};
				};
			};
			buildConfigurationList = 11E385692907C86B00220673 /* Build configuration list for PBXProject "macro-360" */;
			compatibilityVersion = "Xcode 14.0";
			developmentRegion = en;
			hasScannedForEncodings = 0;
			knownRegions = (
				en,
				Base,
			);
			mainGroup = 11E385652907C86B00220673;
			productRefGroup = 11E3856F2907C86C00220673 /* Products */;
			projectDirPath = "";
			projectRoot = "";
			targets = (
				11E3856D2907C86B00220673 /* macro-360 */,
			);
		};
/* End PBXProject section */

/* Begin PBXResourcesBuildPhase section */
		11E3856C2907C86B00220673 /* Resources */ = {
			isa = PBXResourcesBuildPhase;
			buildActionMask = 2147483647;
			files = (
				11E385802907CBD500220673 /* aerodynamics_workshop.skybox in Resources */,
				11E385792907C86C00220673 /* Preview Assets.xcassets in Resources */,
				11E385A72907E51F00220673 /* aphrodite.skybox in Resources */,
				11E385762907C86C00220673 /* Assets.xcassets in Resources */,
			);
			runOnlyForDeploymentPostprocessing = 0;
		};
/* End PBXResourcesBuildPhase section */

/* Begin PBXSourcesBuildPhase section */
		11E3856A2907C86B00220673 /* Sources */ = {
			isa = PBXSourcesBuildPhase;
			buildActionMask = 2147483647;
			files = (
				11E385742907C86C00220673 /* ContentView.swift in Sources */,
				11E385722907C86C00220673 /* macro_360App.swift in Sources */,
				11E385842907D69300220673 /* Skybox.swift in Sources */,
			);
			runOnlyForDeploymentPostprocessing = 0;
		};
/* End PBXSourcesBuildPhase section */

/* Begin XCBuildConfiguration section */
		11E3857A2907C86C00220673 /* Debug */ = {
			isa = XCBuildConfiguration;
			buildSettings = {
				ALWAYS_SEARCH_USER_PATHS = NO;
				CLANG_ANALYZER_NONNULL = YES;
				CLANG_ANALYZER_NUMBER_OBJECT_CONVERSION = YES_AGGRESSIVE;
				CLANG_CXX_LANGUAGE_STANDARD = "gnu++20";
				CLANG_ENABLE_MODULES = YES;
				CLANG_ENABLE_OBJC_ARC = YES;
				CLANG_ENABLE_OBJC_WEAK = YES;
				CLANG_WARN_BLOCK_CAPTURE_AUTORELEASING = YES;
				CLANG_WARN_BOOL_CONVERSION = YES;
				CLANG_WARN_COMMA = YES;
				CLANG_WARN_CONSTANT_CONVERSION = YES;
				CLANG_WARN_DEPRECATED_OBJC_IMPLEMENTATIONS = YES;
				CLANG_WARN_DIRECT_OBJC_ISA_USAGE = YES_ERROR;
				CLANG_WARN_DOCUMENTATION_COMMENTS = YES;
				CLANG_WARN_EMPTY_BODY = YES;
				CLANG_WARN_ENUM_CONVERSION = YES;
				CLANG_WARN_INFINITE_RECURSION = YES;
				CLANG_WARN_INT_CONVERSION = YES;
				CLANG_WARN_NON_LITERAL_NULL_CONVERSION = YES;
				CLANG_WARN_OBJC_IMPLICIT_RETAIN_SELF = YES;
				CLANG_WARN_OBJC_LITERAL_CONVERSION = YES;
				CLANG_WARN_OBJC_ROOT_CLASS = YES_ERROR;
				CLANG_WARN_QUOTED_INCLUDE_IN_FRAMEWORK_HEADER = YES;
				CLANG_WARN_RANGE_LOOP_ANALYSIS = YES;
				CLANG_WARN_STRICT_PROTOTYPES = YES;
				CLANG_WARN_SUSPICIOUS_MOVE = YES;
				CLANG_WARN_UNGUARDED_AVAILABILITY = YES_AGGRESSIVE;
				CLANG_WARN_UNREACHABLE_CODE = YES;
				CLANG_WARN__DUPLICATE_METHOD_MATCH = YES;
				COPY_PHASE_STRIP = NO;
				DEBUG_INFORMATION_FORMAT = dwarf;
				ENABLE_STRICT_OBJC_MSGSEND = YES;
				ENABLE_TESTABILITY = YES;
				GCC_C_LANGUAGE_STANDARD = gnu11;
				GCC_DYNAMIC_NO_PIC = NO;
				GCC_NO_COMMON_BLOCKS = YES;
				GCC_OPTIMIZATION_LEVEL = 0;
				GCC_PREPROCESSOR_DEFINITIONS = (
					"DEBUG=1",
					"$(inherited)",
				);
				GCC_WARN_64_TO_32_BIT_CONVERSION = YES;
				GCC_WARN_ABOUT_RETURN_TYPE = YES_ERROR;
				GCC_WARN_UNDECLARED_SELECTOR = YES;
				GCC_WARN_UNINITIALIZED_AUTOS = YES_AGGRESSIVE;
				GCC_WARN_UNUSED_FUNCTION = YES;
				GCC_WARN_UNUSED_VARIABLE = YES;
				IPHONEOS_DEPLOYMENT_TARGET = 16.0;
				MTL_ENABLE_DEBUG_INFO = INCLUDE_SOURCE;
				MTL_FAST_MATH = YES;
				ONLY_ACTIVE_ARCH = YES;
				SDKROOT = iphoneos;
				SWIFT_ACTIVE_COMPILATION_CONDITIONS = DEBUG;
				SWIFT_OPTIMIZATION_LEVEL = "-Onone";
			};
			name = Debug;
		};
		11E3857B2907C86C00220673 /* Release */ = {
			isa = XCBuildConfiguration;
			buildSettings = {
				ALWAYS_SEARCH_USER_PATHS = NO;
				CLANG_ANALYZER_NONNULL = YES;
				CLANG_ANALYZER_NUMBER_OBJECT_CONVERSION = YES_AGGRESSIVE;
				CLANG_CXX_LANGUAGE_STANDARD = "gnu++20";
				CLANG_ENABLE_MODULES = YES;
				CLANG_ENABLE_OBJC_ARC = YES;
				CLANG_ENABLE_OBJC_WEAK = YES;
				CLANG_WARN_BLOCK_CAPTURE_AUTORELEASING = YES;
				CLANG_WARN_BOOL_CONVERSION = YES;
				CLANG_WARN_COMMA = YES;
				CLANG_WARN_CONSTANT_CONVERSION = YES;
				CLANG_WARN_DEPRECATED_OBJC_IMPLEMENTATIONS = YES;
				CLANG_WARN_DIRECT_OBJC_ISA_USAGE = YES_ERROR;
				CLANG_WARN_DOCUMENTATION_COMMENTS = YES;
				CLANG_WARN_EMPTY_BODY = YES;
				CLANG_WARN_ENUM_CONVERSION = YES;
				CLANG_WARN_INFINITE_RECURSION = YES;
				CLANG_WARN_INT_CONVERSION = YES;
				CLANG_WARN_NON_LITERAL_NULL_CONVERSION = YES;
				CLANG_WARN_OBJC_IMPLICIT_RETAIN_SELF = YES;
				CLANG_WARN_OBJC_LITERAL_CONVERSION = YES;
				CLANG_WARN_OBJC_ROOT_CLASS = YES_ERROR;
				CLANG_WARN_QUOTED_INCLUDE_IN_FRAMEWORK_HEADER = YES;
				CLANG_WARN_RANGE_LOOP_ANALYSIS = YES;
				CLANG_WARN_STRICT_PROTOTYPES = YES;
				CLANG_WARN_SUSPICIOUS_MOVE = YES;
				CLANG_WARN_UNGUARDED_AVAILABILITY = YES_AGGRESSIVE;
				CLANG_WARN_UNREACHABLE_CODE = YES;
				CLANG_WARN__DUPLICATE_METHOD_MATCH = YES;
				COPY_PHASE_STRIP = NO;
				DEBUG_INFORMATION_FORMAT = "dwarf-with-dsym";
				ENABLE_NS_ASSERTIONS = NO;
				ENABLE_STRICT_OBJC_MSGSEND = YES;
				GCC_C_LANGUAGE_STANDARD = gnu11;
				GCC_NO_COMMON_BLOCKS = YES;
				GCC_WARN_64_TO_32_BIT_CONVERSION = YES;
				GCC_WARN_ABOUT_RETURN_TYPE = YES_ERROR;
				GCC_WARN_UNDECLARED_SELECTOR = YES;
				GCC_WARN_UNINITIALIZED_AUTOS = YES_AGGRESSIVE;
				GCC_WARN_UNUSED_FUNCTION = YES;
				GCC_WARN_UNUSED_VARIABLE = YES;
				IPHONEOS_DEPLOYMENT_TARGET = 16.0;
				MTL_ENABLE_DEBUG_INFO = NO;
				MTL_FAST_MATH = YES;
				SDKROOT = iphoneos;
				SWIFT_COMPILATION_MODE = wholemodule;
				SWIFT_OPTIMIZATION_LEVEL = "-O";
				VALIDATE_PRODUCT = YES;
			};
			name = Release;
		};
		11E3857D2907C86C00220673 /* Debug */ = {
			isa = XCBuildConfiguration;
			buildSettings = {
				ASSETCATALOG_COMPILER_APPICON_NAME = AppIcon;
				ASSETCATALOG_COMPILER_GLOBAL_ACCENT_COLOR_NAME = AccentColor;
				CODE_SIGN_STYLE = Automatic;
				CURRENT_PROJECT_VERSION = 1;
				DEVELOPMENT_ASSET_PATHS = "\"macro-360/Preview Content\"";
				DEVELOPMENT_TEAM = CD3LJB88Z9;
				ENABLE_PREVIEWS = YES;
				GENERATE_INFOPLIST_FILE = YES;
				INFOPLIST_KEY_NSCameraUsageDescription = "For the camera";
				INFOPLIST_KEY_UIApplicationSceneManifest_Generation = YES;
				INFOPLIST_KEY_UIApplicationSupportsIndirectInputEvents = YES;
				INFOPLIST_KEY_UILaunchScreen_Generation = YES;
				INFOPLIST_KEY_UISupportedInterfaceOrientations_iPad = "UIInterfaceOrientationPortrait UIInterfaceOrientationPortraitUpsideDown UIInterfaceOrientationLandscapeLeft UIInterfaceOrientationLandscapeRight";
				INFOPLIST_KEY_UISupportedInterfaceOrientations_iPhone = "UIInterfaceOrientationPortrait UIInterfaceOrientationLandscapeLeft UIInterfaceOrientationLandscapeRight";
				LD_RUNPATH_SEARCH_PATHS = (
					"$(inherited)",
					"@executable_path/Frameworks",
				);
				MARKETING_VERSION = 1.0;
				PRODUCT_BUNDLE_IDENTIFIER = "com.theodorusclarence.macro-360";
				PRODUCT_NAME = "$(TARGET_NAME)";
				SWIFT_EMIT_LOC_STRINGS = YES;
				SWIFT_VERSION = 5.0;
				TARGETED_DEVICE_FAMILY = "1,2";
			};
			name = Debug;
		};
		11E3857E2907C86C00220673 /* Release */ = {
			isa = XCBuildConfiguration;
			buildSettings = {
				ASSETCATALOG_COMPILER_APPICON_NAME = AppIcon;
				ASSETCATALOG_COMPILER_GLOBAL_ACCENT_COLOR_NAME = AccentColor;
				CODE_SIGN_STYLE = Automatic;
				CURRENT_PROJECT_VERSION = 1;
				DEVELOPMENT_ASSET_PATHS = "\"macro-360/Preview Content\"";
				DEVELOPMENT_TEAM = CD3LJB88Z9;
				ENABLE_PREVIEWS = YES;
				GENERATE_INFOPLIST_FILE = YES;
				INFOPLIST_KEY_NSCameraUsageDescription = "For the camera";
				INFOPLIST_KEY_UIApplicationSceneManifest_Generation = YES;
				INFOPLIST_KEY_UIApplicationSupportsIndirectInputEvents = YES;
				INFOPLIST_KEY_UILaunchScreen_Generation = YES;
				INFOPLIST_KEY_UISupportedInterfaceOrientations_iPad = "UIInterfaceOrientationPortrait UIInterfaceOrientationPortraitUpsideDown UIInterfaceOrientationLandscapeLeft UIInterfaceOrientationLandscapeRight";
				INFOPLIST_KEY_UISupportedInterfaceOrientations_iPhone = "UIInterfaceOrientationPortrait UIInterfaceOrientationLandscapeLeft UIInterfaceOrientationLandscapeRight";
				LD_RUNPATH_SEARCH_PATHS = (
					"$(inherited)",
					"@executable_path/Frameworks",
				);
				MARKETING_VERSION = 1.0;
				PRODUCT_BUNDLE_IDENTIFIER = "com.theodorusclarence.macro-360";
				PRODUCT_NAME = "$(TARGET_NAME)";
				SWIFT_EMIT_LOC_STRINGS = YES;
				SWIFT_VERSION = 5.0;
				TARGETED_DEVICE_FAMILY = "1,2";
			};
			name = Release;
		};
/* End XCBuildConfiguration section */

/* Begin XCConfigurationList section */
		11E385692907C86B00220673 /* Build configuration list for PBXProject "macro-360" */ = {
			isa = XCConfigurationList;
			buildConfigurations = (
				11E3857A2907C86C00220673 /* Debug */,
				11E3857B2907C86C00220673 /* Release */,
			);
			defaultConfigurationIsVisible = 0;
			defaultConfigurationName = Release;
		};
		11E3857C2907C86C00220673 /* Build configuration list for PBXNativeTarget "macro-360" */ = {
			isa = XCConfigurationList;
			buildConfigurations = (
				11E3857D2907C86C00220673 /* Debug */,
				11E3857E2907C86C00220673 /* Release */,
			);
			defaultConfigurationIsVisible = 0;
			defaultConfigurationName = Release;
		};
/* End XCConfigurationList section */
	};
	rootObject = 11E385662907C86B00220673 /* Project object */;
}
